
Microsoft Visual Studio Solution File, Format Version 12.00
# Visual Studio Version 17
VisualStudioVersion = 17.13.35507.96 d17.13
MinimumVisualStudioVersion = 10.0.40219.1
Project("{FAE04EC0-301F-11D3-BF4B-00C04F79EFBC}") = "SharpBox.Core", "src\SharpBox.Core\SharpBox.Core.csproj", "{7999405A-5D0D-4B94-B620-2649B5B8DEE4}"
EndProject
Project("{FAE04EC0-301F-11D3-BF4B-00C04F79EFBC}") = "WinApp", "src\WinApp\WinApp.csproj", "{B44F73B3-75B3-41FA-A86C-0696DB44412F}"
EndProject
Global
	GlobalSection(SolutionConfigurationPlatforms) = preSolution
		Debug|Any CPU = Debug|Any CPU
		Release|Any CPU = Release|Any CPU
	EndGlobalSection
	GlobalSection(ProjectConfigurationPlatforms) = postSolution
		{7999405A-5D0D-4B94-B620-2649B5B8DEE4}.Debug|Any CPU.ActiveCfg = Debug|Any CPU
		{7999405A-5D0D-4B94-B620-2649B5B8DEE4}.Debug|Any CPU.Build.0 = Debug|Any CPU
		{7999405A-5D0D-4B94-B620-2649B5B8DEE4}.Release|Any CPU.ActiveCfg = Release|Any CPU
		{7999405A-5D0D-4B94-B620-2649B5B8DEE4}.Release|Any CPU.Build.0 = Release|Any CPU
		{B44F73B3-75B3-41FA-A86C-0696DB44412F}.Debug|Any CPU.ActiveCfg = Debug|Any CPU
		{B44F73B3-75B3-41FA-A86C-0696DB44412F}.Debug|Any CPU.Build.0 = Debug|Any CPU
		{B44F73B3-75B3-41FA-A86C-0696DB44412F}.Release|Any CPU.ActiveCfg = Release|Any CPU
		{B44F73B3-75B3-41FA-A86C-0696DB44412F}.Release|Any CPU.Build.0 = Release|Any CPU
	EndGlobalSection
	GlobalSection(SolutionProperties) = preSolution
		HideSolutionNode = FALSE
	EndGlobalSection
	GlobalSection(ExtensibilityGlobals) = postSolution
		SolutionGuid = {02D4C040-7121-4058-A5FE-CBB1931D1F3C}
	EndGlobalSection
EndGlobal
